// !$*UTF8*$!
{
	archiveVersion = 1;
	classes = {
	};
	objectVersion = 48;
	objects = {

/* Begin PBXBuildFile section */
		8FBCEBB0076D94D4F2F89B3E /* Pods_MTNativeIOSappsProject3B2.framework in Frameworks */ = {isa = PBXBuildFile; fileRef = 80185C6F56CF058BC7C0D728 /* Pods_MTNativeIOSappsProject3B2.framework */; };
		B40D4EAA1FF331D500148426 /* Assets.xcassets in Resources */ = {isa = PBXBuildFile; fileRef = B40D4EA91FF331D500148426 /* Assets.xcassets */; };
		B40D4EAC1FF978AD00148426 /* WelcomeViewController.swift in Sources */ = {isa = PBXBuildFile; fileRef = B40D4EAB1FF978AD00148426 /* WelcomeViewController.swift */; };
		B40D4EAE1FF9790300148426 /* CarsViewController.swift in Sources */ = {isa = PBXBuildFile; fileRef = B40D4EAD1FF9790300148426 /* CarsViewController.swift */; };
		B40D4EB01FF9795100148426 /* AddCarViewController.swift in Sources */ = {isa = PBXBuildFile; fileRef = B40D4EAF1FF9795100148426 /* AddCarViewController.swift */; };
		B40D4EB21FFBC5CC00148426 /* CarCellView.swift in Sources */ = {isa = PBXBuildFile; fileRef = B40D4EB11FFBC5CC00148426 /* CarCellView.swift */; };
		B40D4EB41FFBC6DB00148426 /* Car.swift in Sources */ = {isa = PBXBuildFile; fileRef = B40D4EB31FFBC6DB00148426 /* Car.swift */; };
		B46955E71FFDB7C30042AA18 /* KituraCarService.swift in Sources */ = {isa = PBXBuildFile; fileRef = B46955E61FFDB7C30042AA18 /* KituraCarService.swift */; };
		B4B20DC81FB5A64000258295 /* AppDelegate.swift in Sources */ = {isa = PBXBuildFile; fileRef = B4B20DC71FB5A64000258295 /* AppDelegate.swift */; };
		B4B20DCD1FB5A64000258295 /* Main.storyboard in Resources */ = {isa = PBXBuildFile; fileRef = B4B20DCB1FB5A64000258295 /* Main.storyboard */; };
		B4D3F33F1FE8A41A00C934F1 /* KituraService.swift in Sources */ = {isa = PBXBuildFile; fileRef = B4D3F33E1FE8A41A00C934F1 /* KituraService.swift */; };
		B4D3F3411FE8B9AA00C934F1 /* User.swift in Sources */ = {isa = PBXBuildFile; fileRef = B4D3F3401FE8B9AA00C934F1 /* User.swift */; };
		B4D3F3431FE94CC400C934F1 /* RegisterViewController.swift in Sources */ = {isa = PBXBuildFile; fileRef = B4D3F3421FE94CC400C934F1 /* RegisterViewController.swift */; };
		B4D3F34B1FE972BD00C934F1 /* LaunchScreen.storyboard in Resources */ = {isa = PBXBuildFile; fileRef = B4D3F3471FE96D4C00C934F1 /* LaunchScreen.storyboard */; };
		B4D3F34D1FE97ABF00C934F1 /* LoginViewController.swift in Sources */ = {isa = PBXBuildFile; fileRef = B4D3F34C1FE97ABF00C934F1 /* LoginViewController.swift */; };
/* End PBXBuildFile section */

/* Begin PBXFileReference section */
		80185C6F56CF058BC7C0D728 /* Pods_MTNativeIOSappsProject3B2.framework */ = {isa = PBXFileReference; explicitFileType = wrapper.framework; includeInIndex = 0; path = Pods_MTNativeIOSappsProject3B2.framework; sourceTree = BUILT_PRODUCTS_DIR; };
		9930DF264DF6B4B3B19EA1FF /* Pods-MTNativeIOSappsProject3B2.debug.xcconfig */ = {isa = PBXFileReference; includeInIndex = 1; lastKnownFileType = text.xcconfig; name = "Pods-MTNativeIOSappsProject3B2.debug.xcconfig"; path = "Pods/Target Support Files/Pods-MTNativeIOSappsProject3B2/Pods-MTNativeIOSappsProject3B2.debug.xcconfig"; sourceTree = "<group>"; };
		A54ED37204A0349FB39E7C7C /* Pods-MTNativeIOSappsProject3B2.release.xcconfig */ = {isa = PBXFileReference; includeInIndex = 1; lastKnownFileType = text.xcconfig; name = "Pods-MTNativeIOSappsProject3B2.release.xcconfig"; path = "Pods/Target Support Files/Pods-MTNativeIOSappsProject3B2/Pods-MTNativeIOSappsProject3B2.release.xcconfig"; sourceTree = "<group>"; };
		B40D4EA91FF331D500148426 /* Assets.xcassets */ = {isa = PBXFileReference; lastKnownFileType = folder.assetcatalog; path = Assets.xcassets; sourceTree = "<group>"; };
		B40D4EAB1FF978AD00148426 /* WelcomeViewController.swift */ = {isa = PBXFileReference; lastKnownFileType = sourcecode.swift; path = WelcomeViewController.swift; sourceTree = "<group>"; };
		B40D4EAD1FF9790300148426 /* CarsViewController.swift */ = {isa = PBXFileReference; lastKnownFileType = sourcecode.swift; path = CarsViewController.swift; sourceTree = "<group>"; };
		B40D4EAF1FF9795100148426 /* AddCarViewController.swift */ = {isa = PBXFileReference; lastKnownFileType = sourcecode.swift; path = AddCarViewController.swift; sourceTree = "<group>"; };
		B40D4EB11FFBC5CC00148426 /* CarCellView.swift */ = {isa = PBXFileReference; lastKnownFileType = sourcecode.swift; path = CarCellView.swift; sourceTree = "<group>"; };
		B40D4EB31FFBC6DB00148426 /* Car.swift */ = {isa = PBXFileReference; lastKnownFileType = sourcecode.swift; path = Car.swift; sourceTree = "<group>"; };
		B46955E61FFDB7C30042AA18 /* KituraCarService.swift */ = {isa = PBXFileReference; lastKnownFileType = sourcecode.swift; path = KituraCarService.swift; sourceTree = "<group>"; };
		B4B20DC41FB5A64000258295 /* MTNativeIOSappsProject3B2.app */ = {isa = PBXFileReference; explicitFileType = wrapper.application; includeInIndex = 0; path = MTNativeIOSappsProject3B2.app; sourceTree = BUILT_PRODUCTS_DIR; };
		B4B20DC71FB5A64000258295 /* AppDelegate.swift */ = {isa = PBXFileReference; lastKnownFileType = sourcecode.swift; path = AppDelegate.swift; sourceTree = "<group>"; };
		B4B20DCC1FB5A64000258295 /* Base */ = {isa = PBXFileReference; lastKnownFileType = file.storyboard; name = Base; path = Base.lproj/Main.storyboard; sourceTree = "<group>"; };
		B4B20DD31FB5A64000258295 /* Info.plist */ = {isa = PBXFileReference; lastKnownFileType = text.plist.xml; path = Info.plist; sourceTree = "<group>"; };
		B4D3F33E1FE8A41A00C934F1 /* KituraService.swift */ = {isa = PBXFileReference; lastKnownFileType = sourcecode.swift; path = KituraService.swift; sourceTree = "<group>"; };
		B4D3F3401FE8B9AA00C934F1 /* User.swift */ = {isa = PBXFileReference; lastKnownFileType = sourcecode.swift; path = User.swift; sourceTree = "<group>"; };
		B4D3F3421FE94CC400C934F1 /* RegisterViewController.swift */ = {isa = PBXFileReference; lastKnownFileType = sourcecode.swift; path = RegisterViewController.swift; sourceTree = "<group>"; };
		B4D3F3471FE96D4C00C934F1 /* LaunchScreen.storyboard */ = {isa = PBXFileReference; fileEncoding = 4; lastKnownFileType = file.storyboard; path = LaunchScreen.storyboard; sourceTree = "<group>"; };
		B4D3F34C1FE97ABF00C934F1 /* LoginViewController.swift */ = {isa = PBXFileReference; lastKnownFileType = sourcecode.swift; path = LoginViewController.swift; sourceTree = "<group>"; };
/* End PBXFileReference section */

/* Begin PBXFrameworksBuildPhase section */
		B4B20DC11FB5A64000258295 /* Frameworks */ = {
			isa = PBXFrameworksBuildPhase;
			buildActionMask = 2147483647;
			files = (
				8FBCEBB0076D94D4F2F89B3E /* Pods_MTNativeIOSappsProject3B2.framework in Frameworks */,
			);
			runOnlyForDeploymentPostprocessing = 0;
		};
/* End PBXFrameworksBuildPhase section */

/* Begin PBXGroup section */
		473B31D76DDA1ACB44A58C6A /* Frameworks */ = {
			isa = PBXGroup;
			children = (
				80185C6F56CF058BC7C0D728 /* Pods_MTNativeIOSappsProject3B2.framework */,
			);
			name = Frameworks;
			sourceTree = "<group>";
		};
		9283C5716300BFDC171E3ED3 /* Pods */ = {
			isa = PBXGroup;
			children = (
				9930DF264DF6B4B3B19EA1FF /* Pods-MTNativeIOSappsProject3B2.debug.xcconfig */,
				A54ED37204A0349FB39E7C7C /* Pods-MTNativeIOSappsProject3B2.release.xcconfig */,
			);
			name = Pods;
			sourceTree = "<group>";
		};
		B4B20DBB1FB5A64000258295 = {
			isa = PBXGroup;
			children = (
				B4B20DC61FB5A64000258295 /* MTNativeIOSappsProject3B2 */,
				B4B20DC51FB5A64000258295 /* Products */,
				9283C5716300BFDC171E3ED3 /* Pods */,
				473B31D76DDA1ACB44A58C6A /* Frameworks */,
			);
			sourceTree = "<group>";
		};
		B4B20DC51FB5A64000258295 /* Products */ = {
			isa = PBXGroup;
			children = (
				B4B20DC41FB5A64000258295 /* MTNativeIOSappsProject3B2.app */,
			);
			name = Products;
			sourceTree = "<group>";
		};
		B4B20DC61FB5A64000258295 /* MTNativeIOSappsProject3B2 */ = {
			isa = PBXGroup;
			children = (
				B4D3F33D1FE8A37F00C934F1 /* ViewControllers */,
				B4D3F33C1FE8A37800C934F1 /* Views */,
				B4D3F33B1FE8A37200C934F1 /* Models */,
				B4D3F33A1FE8A36600C934F1 /* Services */,
				B4B20DC71FB5A64000258295 /* AppDelegate.swift */,
				B40D4EA91FF331D500148426 /* Assets.xcassets */,
				B4B20DCB1FB5A64000258295 /* Main.storyboard */,
				B4D3F3471FE96D4C00C934F1 /* LaunchScreen.storyboard */,
				B4B20DD31FB5A64000258295 /* Info.plist */,
			);
			path = MTNativeIOSappsProject3B2;
			sourceTree = "<group>";
		};
		B4D3F33A1FE8A36600C934F1 /* Services */ = {
			isa = PBXGroup;
			children = (
				B4D3F33E1FE8A41A00C934F1 /* KituraService.swift */,
				B46955E61FFDB7C30042AA18 /* KituraCarService.swift */,
			);
			path = Services;
			sourceTree = "<group>";
		};
		B4D3F33B1FE8A37200C934F1 /* Models */ = {
			isa = PBXGroup;
			children = (
				B4D3F3401FE8B9AA00C934F1 /* User.swift */,
				B40D4EB31FFBC6DB00148426 /* Car.swift */,
			);
			path = Models;
			sourceTree = "<group>";
		};
		B4D3F33C1FE8A37800C934F1 /* Views */ = {
			isa = PBXGroup;
			children = (
				B40D4EB11FFBC5CC00148426 /* CarCellView.swift */,
			);
			path = Views;
			sourceTree = "<group>";
		};
		B4D3F33D1FE8A37F00C934F1 /* ViewControllers */ = {
			isa = PBXGroup;
			children = (
				B4D3F3421FE94CC400C934F1 /* RegisterViewController.swift */,
				B4D3F34C1FE97ABF00C934F1 /* LoginViewController.swift */,
				B40D4EAB1FF978AD00148426 /* WelcomeViewController.swift */,
				B40D4EAD1FF9790300148426 /* CarsViewController.swift */,
				B40D4EAF1FF9795100148426 /* AddCarViewController.swift */,
			);
			path = ViewControllers;
			sourceTree = "<group>";
		};
/* End PBXGroup section */

/* Begin PBXNativeTarget section */
		B4B20DC31FB5A64000258295 /* MTNativeIOSappsProject3B2 */ = {
			isa = PBXNativeTarget;
			buildConfigurationList = B4B20DD61FB5A64000258295 /* Build configuration list for PBXNativeTarget "MTNativeIOSappsProject3B2" */;
			buildPhases = (
				608CAF675452ACFBBDB3274E /* [CP] Check Pods Manifest.lock */,
				B4B20DC01FB5A64000258295 /* Sources */,
				B4B20DC11FB5A64000258295 /* Frameworks */,
				B4B20DC21FB5A64000258295 /* Resources */,
				4518D118380F46C72F2425DF /* [CP] Embed Pods Frameworks */,
				BC7DA000E8FFB4282694B0B3 /* [CP] Copy Pods Resources */,
			);
			buildRules = (
			);
			dependencies = (
			);
			name = MTNativeIOSappsProject3B2;
			productName = MTNativeIOSappsProject3B2;
			productReference = B4B20DC41FB5A64000258295 /* MTNativeIOSappsProject3B2.app */;
			productType = "com.apple.product-type.application";
		};
/* End PBXNativeTarget section */

/* Begin PBXProject section */
		B4B20DBC1FB5A64000258295 /* Project object */ = {
			isa = PBXProject;
			attributes = {
				LastSwiftUpdateCheck = 0910;
				LastUpgradeCheck = 0910;
				ORGANIZATIONNAME = "Matthias Tison";
				TargetAttributes = {
					B4B20DC31FB5A64000258295 = {
						CreatedOnToolsVersion = 9.1;
						ProvisioningStyle = Automatic;
					};
				};
			};
			buildConfigurationList = B4B20DBF1FB5A64000258295 /* Build configuration list for PBXProject "MTNativeIOSappsProject3B2" */;
			compatibilityVersion = "Xcode 8.0";
			developmentRegion = en;
			hasScannedForEncodings = 0;
			knownRegions = (
				en,
				Base,
			);
			mainGroup = B4B20DBB1FB5A64000258295;
			productRefGroup = B4B20DC51FB5A64000258295 /* Products */;
			projectDirPath = "";
			projectRoot = "";
			targets = (
				B4B20DC31FB5A64000258295 /* MTNativeIOSappsProject3B2 */,
			);
		};
/* End PBXProject section */

/* Begin PBXResourcesBuildPhase section */
		B4B20DC21FB5A64000258295 /* Resources */ = {
			isa = PBXResourcesBuildPhase;
			buildActionMask = 2147483647;
			files = (
				B4D3F34B1FE972BD00C934F1 /* LaunchScreen.storyboard in Resources */,
				B40D4EAA1FF331D500148426 /* Assets.xcassets in Resources */,
				B4B20DCD1FB5A64000258295 /* Main.storyboard in Resources */,
			);
			runOnlyForDeploymentPostprocessing = 0;
		};
/* End PBXResourcesBuildPhase section */

/* Begin PBXShellScriptBuildPhase section */
		4518D118380F46C72F2425DF /* [CP] Embed Pods Frameworks */ = {
			isa = PBXShellScriptBuildPhase;
			buildActionMask = 2147483647;
			files = (
			);
			inputPaths = (
				"${SRCROOT}/Pods/Target Support Files/Pods-MTNativeIOSappsProject3B2/Pods-MTNativeIOSappsProject3B2-frameworks.sh",
				"${BUILT_PRODUCTS_DIR}/KituraKit/KituraKit.framework",
			);
			name = "[CP] Embed Pods Frameworks";
			outputPaths = (
				"${TARGET_BUILD_DIR}/${FRAMEWORKS_FOLDER_PATH}/KituraKit.framework",
			);
			runOnlyForDeploymentPostprocessing = 0;
			shellPath = /bin/sh;
			shellScript = "\"${SRCROOT}/Pods/Target Support Files/Pods-MTNativeIOSappsProject3B2/Pods-MTNativeIOSappsProject3B2-frameworks.sh\"\n";
			showEnvVarsInLog = 0;
		};
		608CAF675452ACFBBDB3274E /* [CP] Check Pods Manifest.lock */ = {
			isa = PBXShellScriptBuildPhase;
			buildActionMask = 2147483647;
			files = (
			);
			inputPaths = (
				"${PODS_PODFILE_DIR_PATH}/Podfile.lock",
				"${PODS_ROOT}/Manifest.lock",
			);
			name = "[CP] Check Pods Manifest.lock";
			outputPaths = (
				"$(DERIVED_FILE_DIR)/Pods-MTNativeIOSappsProject3B2-checkManifestLockResult.txt",
			);
			runOnlyForDeploymentPostprocessing = 0;
			shellPath = /bin/sh;
			shellScript = "diff \"${PODS_PODFILE_DIR_PATH}/Podfile.lock\" \"${PODS_ROOT}/Manifest.lock\" > /dev/null\nif [ $? != 0 ] ; then\n    # print error to STDERR\n    echo \"error: The sandbox is not in sync with the Podfile.lock. Run 'pod install' or update your CocoaPods installation.\" >&2\n    exit 1\nfi\n# This output is used by Xcode 'outputs' to avoid re-running this script phase.\necho \"SUCCESS\" > \"${SCRIPT_OUTPUT_FILE_0}\"\n";
			showEnvVarsInLog = 0;
		};
		BC7DA000E8FFB4282694B0B3 /* [CP] Copy Pods Resources */ = {
			isa = PBXShellScriptBuildPhase;
			buildActionMask = 2147483647;
			files = (
			);
			inputPaths = (
			);
			name = "[CP] Copy Pods Resources";
			outputPaths = (
			);
			runOnlyForDeploymentPostprocessing = 0;
			shellPath = /bin/sh;
			shellScript = "\"${SRCROOT}/Pods/Target Support Files/Pods-MTNativeIOSappsProject3B2/Pods-MTNativeIOSappsProject3B2-resources.sh\"\n";
			showEnvVarsInLog = 0;
		};
/* End PBXShellScriptBuildPhase section */

/* Begin PBXSourcesBuildPhase section */
		B4B20DC01FB5A64000258295 /* Sources */ = {
			isa = PBXSourcesBuildPhase;
			buildActionMask = 2147483647;
			files = (
				B4D3F34D1FE97ABF00C934F1 /* LoginViewController.swift in Sources */,
				B4D3F3411FE8B9AA00C934F1 /* User.swift in Sources */,
				B4D3F3431FE94CC400C934F1 /* RegisterViewController.swift in Sources */,
				B40D4EB01FF9795100148426 /* AddCarViewController.swift in Sources */,
				B46955E71FFDB7C30042AA18 /* KituraCarService.swift in Sources */,
				B40D4EAE1FF9790300148426 /* CarsViewController.swift in Sources */,
				B40D4EB21FFBC5CC00148426 /* CarCellView.swift in Sources */,
				B4D3F33F1FE8A41A00C934F1 /* KituraService.swift in Sources */,
				B40D4EB41FFBC6DB00148426 /* Car.swift in Sources */,
				B4B20DC81FB5A64000258295 /* AppDelegate.swift in Sources */,
				B40D4EAC1FF978AD00148426 /* WelcomeViewController.swift in Sources */,
			);
			runOnlyForDeploymentPostprocessing = 0;
		};
/* End PBXSourcesBuildPhase section */

/* Begin PBXVariantGroup section */
		B4B20DCB1FB5A64000258295 /* Main.storyboard */ = {
			isa = PBXVariantGroup;
			children = (
				B4B20DCC1FB5A64000258295 /* Base */,
			);
			name = Main.storyboard;
			sourceTree = "<group>";
		};
/* End PBXVariantGroup section */

/* Begin XCBuildConfiguration section */
		B4B20DD41FB5A64000258295 /* Debug */ = {
			isa = XCBuildConfiguration;
			buildSettings = {
				ALWAYS_SEARCH_USER_PATHS = NO;
				CLANG_ANALYZER_NONNULL = YES;
				CLANG_ANALYZER_NUMBER_OBJECT_CONVERSION = YES_AGGRESSIVE;
				CLANG_CXX_LANGUAGE_STANDARD = "gnu++14";
				CLANG_CXX_LIBRARY = "libc++";
				CLANG_ENABLE_MODULES = YES;
				CLANG_ENABLE_OBJC_ARC = YES;
				CLANG_WARN_BLOCK_CAPTURE_AUTORELEASING = YES;
				CLANG_WARN_BOOL_CONVERSION = YES;
				CLANG_WARN_COMMA = YES;
				CLANG_WARN_CONSTANT_CONVERSION = YES;
				CLANG_WARN_DIRECT_OBJC_ISA_USAGE = YES_ERROR;
				CLANG_WARN_DOCUMENTATION_COMMENTS = YES;
				CLANG_WARN_EMPTY_BODY = YES;
				CLANG_WARN_ENUM_CONVERSION = YES;
				CLANG_WARN_INFINITE_RECURSION = YES;
				CLANG_WARN_INT_CONVERSION = YES;
				CLANG_WARN_NON_LITERAL_NULL_CONVERSION = YES;
				CLANG_WARN_OBJC_LITERAL_CONVERSION = YES;
				CLANG_WARN_OBJC_ROOT_CLASS = YES_ERROR;
				CLANG_WARN_RANGE_LOOP_ANALYSIS = YES;
				CLANG_WARN_STRICT_PROTOTYPES = YES;
				CLANG_WARN_SUSPICIOUS_MOVE = YES;
				CLANG_WARN_UNGUARDED_AVAILABILITY = YES_AGGRESSIVE;
				CLANG_WARN_UNREACHABLE_CODE = YES;
				CLANG_WARN__DUPLICATE_METHOD_MATCH = YES;
				CODE_SIGN_IDENTITY = "iPhone Developer";
				COPY_PHASE_STRIP = NO;
				DEBUG_INFORMATION_FORMAT = dwarf;
				ENABLE_STRICT_OBJC_MSGSEND = YES;
				ENABLE_TESTABILITY = YES;
				GCC_C_LANGUAGE_STANDARD = gnu11;
				GCC_DYNAMIC_NO_PIC = NO;
				GCC_NO_COMMON_BLOCKS = YES;
				GCC_OPTIMIZATION_LEVEL = 0;
				GCC_PREPROCESSOR_DEFINITIONS = (
					"DEBUG=1",
					"$(inherited)",
				);
				GCC_WARN_64_TO_32_BIT_CONVERSION = YES;
				GCC_WARN_ABOUT_RETURN_TYPE = YES_ERROR;
				GCC_WARN_UNDECLARED_SELECTOR = YES;
				GCC_WARN_UNINITIALIZED_AUTOS = YES_AGGRESSIVE;
				GCC_WARN_UNUSED_FUNCTION = YES;
				GCC_WARN_UNUSED_VARIABLE = YES;
				IPHONEOS_DEPLOYMENT_TARGET = 11.1;
				MTL_ENABLE_DEBUG_INFO = YES;
				ONLY_ACTIVE_ARCH = YES;
				SDKROOT = iphoneos;
				SWIFT_ACTIVE_COMPILATION_CONDITIONS = DEBUG;
				SWIFT_OPTIMIZATION_LEVEL = "-Onone";
			};
			name = Debug;
		};
		B4B20DD51FB5A64000258295 /* Release */ = {
			isa = XCBuildConfiguration;
			buildSettings = {
				ALWAYS_SEARCH_USER_PATHS = NO;
				CLANG_ANALYZER_NONNULL = YES;
				CLANG_ANALYZER_NUMBER_OBJECT_CONVERSION = YES_AGGRESSIVE;
				CLANG_CXX_LANGUAGE_STANDARD = "gnu++14";
				CLANG_CXX_LIBRARY = "libc++";
				CLANG_ENABLE_MODULES = YES;
				CLANG_ENABLE_OBJC_ARC = YES;
				CLANG_WARN_BLOCK_CAPTURE_AUTORELEASING = YES;
				CLANG_WARN_BOOL_CONVERSION = YES;
				CLANG_WARN_COMMA = YES;
				CLANG_WARN_CONSTANT_CONVERSION = YES;
				CLANG_WARN_DIRECT_OBJC_ISA_USAGE = YES_ERROR;
				CLANG_WARN_DOCUMENTATION_COMMENTS = YES;
				CLANG_WARN_EMPTY_BODY = YES;
				CLANG_WARN_ENUM_CONVERSION = YES;
				CLANG_WARN_INFINITE_RECURSION = YES;
				CLANG_WARN_INT_CONVERSION = YES;
				CLANG_WARN_NON_LITERAL_NULL_CONVERSION = YES;
				CLANG_WARN_OBJC_LITERAL_CONVERSION = YES;
				CLANG_WARN_OBJC_ROOT_CLASS = YES_ERROR;
				CLANG_WARN_RANGE_LOOP_ANALYSIS = YES;
				CLANG_WARN_STRICT_PROTOTYPES = YES;
				CLANG_WARN_SUSPICIOUS_MOVE = YES;
				CLANG_WARN_UNGUARDED_AVAILABILITY = YES_AGGRESSIVE;
				CLANG_WARN_UNREACHABLE_CODE = YES;
				CLANG_WARN__DUPLICATE_METHOD_MATCH = YES;
				CODE_SIGN_IDENTITY = "iPhone Developer";
				COPY_PHASE_STRIP = NO;
				DEBUG_INFORMATION_FORMAT = "dwarf-with-dsym";
				ENABLE_NS_ASSERTIONS = NO;
				ENABLE_STRICT_OBJC_MSGSEND = YES;
				GCC_C_LANGUAGE_STANDARD = gnu11;
				GCC_NO_COMMON_BLOCKS = YES;
				GCC_WARN_64_TO_32_BIT_CONVERSION = YES;
				GCC_WARN_ABOUT_RETURN_TYPE = YES_ERROR;
				GCC_WARN_UNDECLARED_SELECTOR = YES;
				GCC_WARN_UNINITIALIZED_AUTOS = YES_AGGRESSIVE;
				GCC_WARN_UNUSED_FUNCTION = YES;
				GCC_WARN_UNUSED_VARIABLE = YES;
				IPHONEOS_DEPLOYMENT_TARGET = 11.1;
				MTL_ENABLE_DEBUG_INFO = NO;
				SDKROOT = iphoneos;
				SWIFT_OPTIMIZATION_LEVEL = "-Owholemodule";
				VALIDATE_PRODUCT = YES;
			};
			name = Release;
		};
		B4B20DD71FB5A64000258295 /* Debug */ = {
			isa = XCBuildConfiguration;
			baseConfigurationReference = 9930DF264DF6B4B3B19EA1FF /* Pods-MTNativeIOSappsProject3B2.debug.xcconfig */;
			buildSettings = {
				ASSETCATALOG_COMPILER_APPICON_NAME = AppIcon;
				CODE_SIGN_STYLE = Automatic;
				INFOPLIST_FILE = MTNativeIOSappsProject3B2/Info.plist;
				LD_RUNPATH_SEARCH_PATHS = "$(inherited) @executable_path/Frameworks";
				PRODUCT_BUNDLE_IDENTIFIER = app.MyShoppingList.MTNativeIOSappsProject3B2;
				PRODUCT_NAME = "$(TARGET_NAME)";
				SWIFT_VERSION = 4.0;
				TARGETED_DEVICE_FAMILY = "1,2";
			};
			name = Debug;
		};
		B4B20DD81FB5A64000258295 /* Release */ = {
			isa = XCBuildConfiguration;
			baseConfigurationReference = A54ED37204A0349FB39E7C7C /* Pods-MTNativeIOSappsProject3B2.release.xcconfig */;
			buildSettings = {
				ASSETCATALOG_COMPILER_APPICON_NAME = AppIcon;
				CODE_SIGN_STYLE = Automatic;
				INFOPLIST_FILE = MTNativeIOSappsProject3B2/Info.plist;
				LD_RUNPATH_SEARCH_PATHS = "$(inherited) @executable_path/Frameworks";
				PRODUCT_BUNDLE_IDENTIFIER = app.MyShoppingList.MTNativeIOSappsProject3B2;
				PRODUCT_NAME = "$(TARGET_NAME)";
				SWIFT_VERSION = 4.0;
				TARGETED_DEVICE_FAMILY = "1,2";
			};
			name = Release;
		};
/* End XCBuildConfiguration section */

/* Begin XCConfigurationList section */
		B4B20DBF1FB5A64000258295 /* Build configuration list for PBXProject "MTNativeIOSappsProject3B2" */ = {
			isa = XCConfigurationList;
			buildConfigurations = (
				B4B20DD41FB5A64000258295 /* Debug */,
				B4B20DD51FB5A64000258295 /* Release */,
			);
			defaultConfigurationIsVisible = 0;
			defaultConfigurationName = Release;
		};
		B4B20DD61FB5A64000258295 /* Build configuration list for PBXNativeTarget "MTNativeIOSappsProject3B2" */ = {
			isa = XCConfigurationList;
			buildConfigurations = (
				B4B20DD71FB5A64000258295 /* Debug */,
				B4B20DD81FB5A64000258295 /* Release */,
			);
			defaultConfigurationIsVisible = 0;
			defaultConfigurationName = Release;
		};
/* End XCConfigurationList section */
	};
	rootObject = B4B20DBC1FB5A64000258295 /* Project object */;
}
